
Microsoft Visual Studio Solution File, Format Version 12.00
# Visual Studio Version 17
VisualStudioVersion = 17.12.35506.116
MinimumVisualStudioVersion = 10.0.40219.1
Project("{FAE04EC0-301F-11D3-BF4B-00C04F79EFBC}") = "videogame", "newapp\videogame.csproj", "{7B4C5C1F-63AA-4A46-94E6-4B798607BAE0}"
EndProject
Global
	GlobalSection(SolutionConfigurationPlatforms) = preSolution
		Debug|Any CPU = Debug|Any CPU
		Release|Any CPU = Release|Any CPU
	EndGlobalSection
	GlobalSection(ProjectConfigurationPlatforms) = postSolution
		{7B4C5C1F-63AA-4A46-94E6-4B798607BAE0}.Debug|Any CPU.ActiveCfg = Debug|Any CPU
		{7B4C5C1F-63AA-4A46-94E6-4B798607BAE0}.Debug|Any CPU.Build.0 = Debug|Any CPU
		{7B4C5C1F-63AA-4A46-94E6-4B798607BAE0}.Release|Any CPU.ActiveCfg = Release|Any CPU
		{7B4C5C1F-63AA-4A46-94E6-4B798607BAE0}.Release|Any CPU.Build.0 = Release|Any CPU
	EndGlobalSection
	GlobalSection(SolutionProperties) = preSolution
		HideSolutionNode = FALSE
	EndGlobalSection
	GlobalSection(ExtensibilityGlobals) = postSolution
		SolutionGuid = {EF80E6C5-06E6-47B2-A95A-8C89E1C974AD}
	EndGlobalSection
EndGlobal
